
Microsoft Visual Studio Solution File, Format Version 12.00
# Visual Studio Version 17
VisualStudioVersion = 17.13.35931.197 d17.13
MinimumVisualStudioVersion = 10.0.40219.1
Project("{FAE04EC0-301F-11D3-BF4B-00C04F79EFBC}") = "IdentityApp", "IdentityApp\IdentityApp.csproj", "{294277F3-0CF0-434D-B555-B242D597068C}"
EndProject
Global
	GlobalSection(SolutionConfigurationPlatforms) = preSolution
		Debug|Any CPU = Debug|Any CPU
		Release|Any CPU = Release|Any CPU
	EndGlobalSection
	GlobalSection(ProjectConfigurationPlatforms) = postSolution
		{294277F3-0CF0-434D-B555-B242D597068C}.Debug|Any CPU.ActiveCfg = Debug|Any CPU
		{294277F3-0CF0-434D-B555-B242D597068C}.Debug|Any CPU.Build.0 = Debug|Any CPU
		{294277F3-0CF0-434D-B555-B242D597068C}.Release|Any CPU.ActiveCfg = Release|Any CPU
		{294277F3-0CF0-434D-B555-B242D597068C}.Release|Any CPU.Build.0 = Release|Any CPU
	EndGlobalSection
	GlobalSection(SolutionProperties) = preSolution
		HideSolutionNode = FALSE
	EndGlobalSection
	GlobalSection(ExtensibilityGlobals) = postSolution
		SolutionGuid = {1D129485-84E6-41BD-9996-424CCB8C4F8F}
	EndGlobalSection
EndGlobal
